// !$*UTF8*$!
{
	archiveVersion = 1;
	classes = {
	};
	objectVersion = 56;
	objects = {

/* Begin PBXBuildFile section */
		832E3F0A0BD437023BFE6BB8 /* Pods_VolunteerSigniiner.framework in Frameworks */ = {isa = PBXBuildFile; fileRef = 1733E2CCF5D1532A76FC04C8 /* Pods_VolunteerSigniiner.framework */; };
		970DF08729D93512007A8CDA /* TextFieldTableViewCell.swift in Sources */ = {isa = PBXBuildFile; fileRef = 970DF08529D93512007A8CDA /* TextFieldTableViewCell.swift */; };
		970DF08B29D93529007A8CDA /* ButtonTableViewCell.swift in Sources */ = {isa = PBXBuildFile; fileRef = 970DF08929D93529007A8CDA /* ButtonTableViewCell.swift */; };
		970DF08F29D9354F007A8CDA /* TitleTableViewCell.swift in Sources */ = {isa = PBXBuildFile; fileRef = 970DF08D29D9354F007A8CDA /* TitleTableViewCell.swift */; };
		9755365B29D92EB900564024 /* AppDelegate.swift in Sources */ = {isa = PBXBuildFile; fileRef = 9755365A29D92EB900564024 /* AppDelegate.swift */; };
		9755365D29D92EB900564024 /* SceneDelegate.swift in Sources */ = {isa = PBXBuildFile; fileRef = 9755365C29D92EB900564024 /* SceneDelegate.swift */; };
		9755365F29D92EB900564024 /* ViewController.swift in Sources */ = {isa = PBXBuildFile; fileRef = 9755365E29D92EB900564024 /* ViewController.swift */; };
		9755366429D92EBA00564024 /* Assets.xcassets in Resources */ = {isa = PBXBuildFile; fileRef = 9755366329D92EBA00564024 /* Assets.xcassets */; };
		9755366729D92EBA00564024 /* LaunchScreen.storyboard in Resources */ = {isa = PBXBuildFile; fileRef = 9755366529D92EBA00564024 /* LaunchScreen.storyboard */; };
		9755367229D92EBA00564024 /* VolunteerSigniinerTests.swift in Sources */ = {isa = PBXBuildFile; fileRef = 9755367129D92EBA00564024 /* VolunteerSigniinerTests.swift */; };
		9755367C29D92EBA00564024 /* VolunteerSigniinerUITests.swift in Sources */ = {isa = PBXBuildFile; fileRef = 9755367B29D92EBA00564024 /* VolunteerSigniinerUITests.swift */; };
		9755367E29D92EBA00564024 /* VolunteerSigniinerUITestsLaunchTests.swift in Sources */ = {isa = PBXBuildFile; fileRef = 9755367D29D92EBA00564024 /* VolunteerSigniinerUITestsLaunchTests.swift */; };
		9755368F29D92F3900564024 /* SignUpViewModel.swift in Sources */ = {isa = PBXBuildFile; fileRef = 9755368E29D92F3900564024 /* SignUpViewModel.swift */; };
		9755369229D930E800564024 /* SignInViewController.swift in Sources */ = {isa = PBXBuildFile; fileRef = 9755369029D930E800564024 /* SignInViewController.swift */; };
		9755369329D930E800564024 /* SignInViewController.xib in Resources */ = {isa = PBXBuildFile; fileRef = 9755369129D930E800564024 /* SignInViewController.xib */; };
		97668E432A05EDBC00ABECE8 /* AttendActiveViewController.swift in Sources */ = {isa = PBXBuildFile; fileRef = 97668E412A05EDBC00ABECE8 /* AttendActiveViewController.swift */; };
		97668E442A05EDBC00ABECE8 /* AttendActiveViewController.xib in Resources */ = {isa = PBXBuildFile; fileRef = 97668E422A05EDBC00ABECE8 /* AttendActiveViewController.xib */; };
		97668E472A05EE0600ABECE8 /* OutputFileViewController.swift in Sources */ = {isa = PBXBuildFile; fileRef = 97668E452A05EE0600ABECE8 /* OutputFileViewController.swift */; };
		97668E482A05EE0600ABECE8 /* OutputFileViewController.xib in Resources */ = {isa = PBXBuildFile; fileRef = 97668E462A05EE0600ABECE8 /* OutputFileViewController.xib */; };
		97668E4B2A05FD0A00ABECE8 /* ServiceQRCodeViewController.swift in Sources */ = {isa = PBXBuildFile; fileRef = 97668E492A05FD0A00ABECE8 /* ServiceQRCodeViewController.swift */; };
		97668E4C2A05FD0A00ABECE8 /* ServiceQRCodeViewController.xib in Resources */ = {isa = PBXBuildFile; fileRef = 97668E4A2A05FD0A00ABECE8 /* ServiceQRCodeViewController.xib */; };
		976ACDDB29ED1B5200FF056B /* client_859971690847-a958a81nhu95ssf3c85o04j0p2cdkj0k.apps.googleusercontent.com.plist in Resources */ = {isa = PBXBuildFile; fileRef = 976ACDDA29ED1B5200FF056B /* client_859971690847-a958a81nhu95ssf3c85o04j0p2cdkj0k.apps.googleusercontent.com.plist */; };
		976ACDDD29ED1FC100FF056B /* GoogleService-Info.plist in Resources */ = {isa = PBXBuildFile; fileRef = 976ACDDC29ED1FC100FF056B /* GoogleService-Info.plist */; };
		976AD08A29F7740F0026E6F8 /* LoginViewController.swift in Sources */ = {isa = PBXBuildFile; fileRef = 976AD08829F7740F0026E6F8 /* LoginViewController.swift */; };
		976AD08B29F7740F0026E6F8 /* LoginViewController.xib in Resources */ = {isa = PBXBuildFile; fileRef = 976AD08929F7740F0026E6F8 /* LoginViewController.xib */; };
		976AD08D29F77E510026E6F8 /* LoginViewModel.swift in Sources */ = {isa = PBXBuildFile; fileRef = 976AD08C29F77E510026E6F8 /* LoginViewModel.swift */; };
		976AD09029FA02270026E6F8 /* Model.swift in Sources */ = {isa = PBXBuildFile; fileRef = 976AD08F29FA02270026E6F8 /* Model.swift */; };
		976AD09329FB4E840026E6F8 /* QRCodeViewController.swift in Sources */ = {isa = PBXBuildFile; fileRef = 976AD09129FB4E840026E6F8 /* QRCodeViewController.swift */; };
		976AD09429FB4E840026E6F8 /* QRCodeViewController.xib in Resources */ = {isa = PBXBuildFile; fileRef = 976AD09229FB4E840026E6F8 /* QRCodeViewController.xib */; };
		976AD09629FB61400026E6F8 /* QRCodeService.swift in Sources */ = {isa = PBXBuildFile; fileRef = 976AD09529FB61400026E6F8 /* QRCodeService.swift */; };
		976AD09A29FF8BAC0026E6F8 /* ScanViewController.swift in Sources */ = {isa = PBXBuildFile; fileRef = 976AD09829FF8BAC0026E6F8 /* ScanViewController.swift */; };
		976AD09B29FF8BAC0026E6F8 /* ScanViewController.xib in Resources */ = {isa = PBXBuildFile; fileRef = 976AD09929FF8BAC0026E6F8 /* ScanViewController.xib */; };
		976AD09D29FFA26F0026E6F8 /* ServicesManager.swift in Sources */ = {isa = PBXBuildFile; fileRef = 976AD09C29FFA26F0026E6F8 /* ServicesManager.swift */; };
		976AD0A029FFA6E00026E6F8 /* ManagerViewController.swift in Sources */ = {isa = PBXBuildFile; fileRef = 976AD09E29FFA6E00026E6F8 /* ManagerViewController.swift */; };
		976AD0A129FFA6E00026E6F8 /* ManagerViewController.xib in Resources */ = {isa = PBXBuildFile; fileRef = 976AD09F29FFA6E00026E6F8 /* ManagerViewController.xib */; };
		976AD0A32A00E0840026E6F8 /* AccountCheckHelper.swift in Sources */ = {isa = PBXBuildFile; fileRef = 976AD0A22A00E0840026E6F8 /* AccountCheckHelper.swift */; };
		976AD0A52A00F5DF0026E6F8 /* FirestoreDatabase.swift in Sources */ = {isa = PBXBuildFile; fileRef = 976AD0A42A00F5DE0026E6F8 /* FirestoreDatabase.swift */; };
		976AD0A72A0104D50026E6F8 /* LoginManager.swift in Sources */ = {isa = PBXBuildFile; fileRef = 976AD0A62A0104D50026E6F8 /* LoginManager.swift */; };
		976AD0AA2A020BFA0026E6F8 /* VolunteerViewController.swift in Sources */ = {isa = PBXBuildFile; fileRef = 976AD0A82A020BFA0026E6F8 /* VolunteerViewController.swift */; };
		976AD0AB2A020BFA0026E6F8 /* VolunteerViewController.xib in Resources */ = {isa = PBXBuildFile; fileRef = 976AD0A92A020BFA0026E6F8 /* VolunteerViewController.xib */; };
		976AD0AD2A0232A00026E6F8 /* TimeCheckHelper.swift in Sources */ = {isa = PBXBuildFile; fileRef = 976AD0AC2A0232A00026E6F8 /* TimeCheckHelper.swift */; };
		976AD0AF2A0496390026E6F8 /* ManagerViewModel.swift in Sources */ = {isa = PBXBuildFile; fileRef = 976AD0AE2A0496390026E6F8 /* ManagerViewModel.swift */; };
		976AD0B22A04A5D70026E6F8 /* UIColor.swift in Sources */ = {isa = PBXBuildFile; fileRef = 976AD0B12A04A5D70026E6F8 /* UIColor.swift */; };
		976AD0B42A04A7A70026E6F8 /* UIView.swift in Sources */ = {isa = PBXBuildFile; fileRef = 976AD0B32A04A7A70026E6F8 /* UIView.swift */; };
		977558DA29E4F7DE00079908 /* FirebaseAuthService.swift in Sources */ = {isa = PBXBuildFile; fileRef = 977558D929E4F7DE00079908 /* FirebaseAuthService.swift */; };
		CA1E360F97DF926F6F040228 /* Pods_VolunteerSigniiner_VolunteerSigniinerUITests.framework in Frameworks */ = {isa = PBXBuildFile; fileRef = 1B76B1C476E1D9CE36D7A17D /* Pods_VolunteerSigniiner_VolunteerSigniinerUITests.framework */; };
		E86E9C26D5DC0EB7F144B243 /* Pods_VolunteerSigniinerTests.framework in Frameworks */ = {isa = PBXBuildFile; fileRef = 8DD962002A2D4E2B74C923AD /* Pods_VolunteerSigniinerTests.framework */; };
/* End PBXBuildFile section */

/* Begin PBXContainerItemProxy section */
		9755366E29D92EBA00564024 /* PBXContainerItemProxy */ = {
			isa = PBXContainerItemProxy;
			containerPortal = 9755364F29D92EB900564024 /* Project object */;
			proxyType = 1;
			remoteGlobalIDString = 9755365629D92EB900564024;
			remoteInfo = VolunteerSigniiner;
		};
		9755367829D92EBA00564024 /* PBXContainerItemProxy */ = {
			isa = PBXContainerItemProxy;
			containerPortal = 9755364F29D92EB900564024 /* Project object */;
			proxyType = 1;
			remoteGlobalIDString = 9755365629D92EB900564024;
			remoteInfo = VolunteerSigniiner;
		};
/* End PBXContainerItemProxy section */

/* Begin PBXFileReference section */
		032C906647896A813B111F81 /* Pods-VolunteerSigniiner.release.xcconfig */ = {isa = PBXFileReference; includeInIndex = 1; lastKnownFileType = text.xcconfig; name = "Pods-VolunteerSigniiner.release.xcconfig"; path = "Target Support Files/Pods-VolunteerSigniiner/Pods-VolunteerSigniiner.release.xcconfig"; sourceTree = "<group>"; };
		04A7C780E54EEC3D082D2919 /* Pods-VolunteerSigniinerTests.debug.xcconfig */ = {isa = PBXFileReference; includeInIndex = 1; lastKnownFileType = text.xcconfig; name = "Pods-VolunteerSigniinerTests.debug.xcconfig"; path = "Target Support Files/Pods-VolunteerSigniinerTests/Pods-VolunteerSigniinerTests.debug.xcconfig"; sourceTree = "<group>"; };
		1733E2CCF5D1532A76FC04C8 /* Pods_VolunteerSigniiner.framework */ = {isa = PBXFileReference; explicitFileType = wrapper.framework; includeInIndex = 0; path = Pods_VolunteerSigniiner.framework; sourceTree = BUILT_PRODUCTS_DIR; };
		1B76B1C476E1D9CE36D7A17D /* Pods_VolunteerSigniiner_VolunteerSigniinerUITests.framework */ = {isa = PBXFileReference; explicitFileType = wrapper.framework; includeInIndex = 0; path = Pods_VolunteerSigniiner_VolunteerSigniinerUITests.framework; sourceTree = BUILT_PRODUCTS_DIR; };
		262E802EE71B44D54D07A4DD /* Pods-VolunteerSigniiner-VolunteerSigniinerUITests.release.xcconfig */ = {isa = PBXFileReference; includeInIndex = 1; lastKnownFileType = text.xcconfig; name = "Pods-VolunteerSigniiner-VolunteerSigniinerUITests.release.xcconfig"; path = "Target Support Files/Pods-VolunteerSigniiner-VolunteerSigniinerUITests/Pods-VolunteerSigniiner-VolunteerSigniinerUITests.release.xcconfig"; sourceTree = "<group>"; };
		3C8CF371CF79869FF4BE8DAE /* Pods-VolunteerSigniiner-VolunteerSigniinerUITests.debug.xcconfig */ = {isa = PBXFileReference; includeInIndex = 1; lastKnownFileType = text.xcconfig; name = "Pods-VolunteerSigniiner-VolunteerSigniinerUITests.debug.xcconfig"; path = "Target Support Files/Pods-VolunteerSigniiner-VolunteerSigniinerUITests/Pods-VolunteerSigniiner-VolunteerSigniinerUITests.debug.xcconfig"; sourceTree = "<group>"; };
		8DD962002A2D4E2B74C923AD /* Pods_VolunteerSigniinerTests.framework */ = {isa = PBXFileReference; explicitFileType = wrapper.framework; includeInIndex = 0; path = Pods_VolunteerSigniinerTests.framework; sourceTree = BUILT_PRODUCTS_DIR; };
		970DF08529D93512007A8CDA /* TextFieldTableViewCell.swift */ = {isa = PBXFileReference; lastKnownFileType = sourcecode.swift; path = TextFieldTableViewCell.swift; sourceTree = "<group>"; };
		970DF08929D93529007A8CDA /* ButtonTableViewCell.swift */ = {isa = PBXFileReference; lastKnownFileType = sourcecode.swift; path = ButtonTableViewCell.swift; sourceTree = "<group>"; };
		970DF08D29D9354F007A8CDA /* TitleTableViewCell.swift */ = {isa = PBXFileReference; lastKnownFileType = sourcecode.swift; path = TitleTableViewCell.swift; sourceTree = "<group>"; };
		9755365729D92EB900564024 /* VolunteerSigniiner.app */ = {isa = PBXFileReference; explicitFileType = wrapper.application; includeInIndex = 0; path = VolunteerSigniiner.app; sourceTree = BUILT_PRODUCTS_DIR; };
		9755365A29D92EB900564024 /* AppDelegate.swift */ = {isa = PBXFileReference; lastKnownFileType = sourcecode.swift; path = AppDelegate.swift; sourceTree = "<group>"; };
		9755365C29D92EB900564024 /* SceneDelegate.swift */ = {isa = PBXFileReference; lastKnownFileType = sourcecode.swift; path = SceneDelegate.swift; sourceTree = "<group>"; };
		9755365E29D92EB900564024 /* ViewController.swift */ = {isa = PBXFileReference; lastKnownFileType = sourcecode.swift; path = ViewController.swift; sourceTree = "<group>"; };
		9755366329D92EBA00564024 /* Assets.xcassets */ = {isa = PBXFileReference; lastKnownFileType = folder.assetcatalog; path = Assets.xcassets; sourceTree = "<group>"; };
		9755366629D92EBA00564024 /* Base */ = {isa = PBXFileReference; lastKnownFileType = file.storyboard; name = Base; path = Base.lproj/LaunchScreen.storyboard; sourceTree = "<group>"; };
		9755366829D92EBA00564024 /* Info.plist */ = {isa = PBXFileReference; lastKnownFileType = text.plist.xml; path = Info.plist; sourceTree = "<group>"; };
		9755366D29D92EBA00564024 /* VolunteerSigniinerTests.xctest */ = {isa = PBXFileReference; explicitFileType = wrapper.cfbundle; includeInIndex = 0; path = VolunteerSigniinerTests.xctest; sourceTree = BUILT_PRODUCTS_DIR; };
		9755367129D92EBA00564024 /* VolunteerSigniinerTests.swift */ = {isa = PBXFileReference; lastKnownFileType = sourcecode.swift; path = VolunteerSigniinerTests.swift; sourceTree = "<group>"; };
		9755367729D92EBA00564024 /* VolunteerSigniinerUITests.xctest */ = {isa = PBXFileReference; explicitFileType = wrapper.cfbundle; includeInIndex = 0; path = VolunteerSigniinerUITests.xctest; sourceTree = BUILT_PRODUCTS_DIR; };
		9755367B29D92EBA00564024 /* VolunteerSigniinerUITests.swift */ = {isa = PBXFileReference; lastKnownFileType = sourcecode.swift; path = VolunteerSigniinerUITests.swift; sourceTree = "<group>"; };
		9755367D29D92EBA00564024 /* VolunteerSigniinerUITestsLaunchTests.swift */ = {isa = PBXFileReference; lastKnownFileType = sourcecode.swift; path = VolunteerSigniinerUITestsLaunchTests.swift; sourceTree = "<group>"; };
		9755368E29D92F3900564024 /* SignUpViewModel.swift */ = {isa = PBXFileReference; lastKnownFileType = sourcecode.swift; path = SignUpViewModel.swift; sourceTree = "<group>"; };
		9755369029D930E800564024 /* SignInViewController.swift */ = {isa = PBXFileReference; lastKnownFileType = sourcecode.swift; path = SignInViewController.swift; sourceTree = "<group>"; };
		9755369129D930E800564024 /* SignInViewController.xib */ = {isa = PBXFileReference; lastKnownFileType = file.xib; path = SignInViewController.xib; sourceTree = "<group>"; };
		97668E412A05EDBC00ABECE8 /* AttendActiveViewController.swift */ = {isa = PBXFileReference; lastKnownFileType = sourcecode.swift; path = AttendActiveViewController.swift; sourceTree = "<group>"; };
		97668E422A05EDBC00ABECE8 /* AttendActiveViewController.xib */ = {isa = PBXFileReference; lastKnownFileType = file.xib; path = AttendActiveViewController.xib; sourceTree = "<group>"; };
		97668E452A05EE0600ABECE8 /* OutputFileViewController.swift */ = {isa = PBXFileReference; lastKnownFileType = sourcecode.swift; path = OutputFileViewController.swift; sourceTree = "<group>"; };
		97668E462A05EE0600ABECE8 /* OutputFileViewController.xib */ = {isa = PBXFileReference; lastKnownFileType = file.xib; path = OutputFileViewController.xib; sourceTree = "<group>"; };
		97668E492A05FD0A00ABECE8 /* ServiceQRCodeViewController.swift */ = {isa = PBXFileReference; lastKnownFileType = sourcecode.swift; path = ServiceQRCodeViewController.swift; sourceTree = "<group>"; };
		97668E4A2A05FD0A00ABECE8 /* ServiceQRCodeViewController.xib */ = {isa = PBXFileReference; lastKnownFileType = file.xib; path = ServiceQRCodeViewController.xib; sourceTree = "<group>"; };
		976ACDDA29ED1B5200FF056B /* client_859971690847-a958a81nhu95ssf3c85o04j0p2cdkj0k.apps.googleusercontent.com.plist */ = {isa = PBXFileReference; fileEncoding = 4; lastKnownFileType = text.plist.xml; path = "client_859971690847-a958a81nhu95ssf3c85o04j0p2cdkj0k.apps.googleusercontent.com.plist"; sourceTree = "<group>"; };
		976ACDDC29ED1FC100FF056B /* GoogleService-Info.plist */ = {isa = PBXFileReference; lastKnownFileType = text.plist; path = "GoogleService-Info.plist"; sourceTree = SOURCE_ROOT; };
		976AD08829F7740F0026E6F8 /* LoginViewController.swift */ = {isa = PBXFileReference; lastKnownFileType = sourcecode.swift; path = LoginViewController.swift; sourceTree = "<group>"; };
		976AD08929F7740F0026E6F8 /* LoginViewController.xib */ = {isa = PBXFileReference; lastKnownFileType = file.xib; path = LoginViewController.xib; sourceTree = "<group>"; };
		976AD08C29F77E510026E6F8 /* LoginViewModel.swift */ = {isa = PBXFileReference; lastKnownFileType = sourcecode.swift; path = LoginViewModel.swift; sourceTree = "<group>"; };
		976AD08F29FA02270026E6F8 /* Model.swift */ = {isa = PBXFileReference; lastKnownFileType = sourcecode.swift; path = Model.swift; sourceTree = "<group>"; };
		976AD09129FB4E840026E6F8 /* QRCodeViewController.swift */ = {isa = PBXFileReference; lastKnownFileType = sourcecode.swift; path = QRCodeViewController.swift; sourceTree = "<group>"; };
		976AD09229FB4E840026E6F8 /* QRCodeViewController.xib */ = {isa = PBXFileReference; lastKnownFileType = file.xib; path = QRCodeViewController.xib; sourceTree = "<group>"; };
		976AD09529FB61400026E6F8 /* QRCodeService.swift */ = {isa = PBXFileReference; lastKnownFileType = sourcecode.swift; path = QRCodeService.swift; sourceTree = "<group>"; };
		976AD09729FE05CB0026E6F8 /* VolunteerSigniiner.entitlements */ = {isa = PBXFileReference; lastKnownFileType = text.plist.entitlements; path = VolunteerSigniiner.entitlements; sourceTree = "<group>"; };
		976AD09829FF8BAC0026E6F8 /* ScanViewController.swift */ = {isa = PBXFileReference; lastKnownFileType = sourcecode.swift; path = ScanViewController.swift; sourceTree = "<group>"; };
		976AD09929FF8BAC0026E6F8 /* ScanViewController.xib */ = {isa = PBXFileReference; lastKnownFileType = file.xib; path = ScanViewController.xib; sourceTree = "<group>"; };
		976AD09C29FFA26F0026E6F8 /* ServicesManager.swift */ = {isa = PBXFileReference; lastKnownFileType = sourcecode.swift; path = ServicesManager.swift; sourceTree = "<group>"; };
		976AD09E29FFA6E00026E6F8 /* ManagerViewController.swift */ = {isa = PBXFileReference; lastKnownFileType = sourcecode.swift; path = ManagerViewController.swift; sourceTree = "<group>"; };
		976AD09F29FFA6E00026E6F8 /* ManagerViewController.xib */ = {isa = PBXFileReference; lastKnownFileType = file.xib; path = ManagerViewController.xib; sourceTree = "<group>"; };
		976AD0A22A00E0840026E6F8 /* AccountCheckHelper.swift */ = {isa = PBXFileReference; lastKnownFileType = sourcecode.swift; path = AccountCheckHelper.swift; sourceTree = "<group>"; };
		976AD0A42A00F5DE0026E6F8 /* FirestoreDatabase.swift */ = {isa = PBXFileReference; lastKnownFileType = sourcecode.swift; path = FirestoreDatabase.swift; sourceTree = "<group>"; };
		976AD0A62A0104D50026E6F8 /* LoginManager.swift */ = {isa = PBXFileReference; lastKnownFileType = sourcecode.swift; path = LoginManager.swift; sourceTree = "<group>"; };
		976AD0A82A020BFA0026E6F8 /* VolunteerViewController.swift */ = {isa = PBXFileReference; lastKnownFileType = sourcecode.swift; path = VolunteerViewController.swift; sourceTree = "<group>"; };
		976AD0A92A020BFA0026E6F8 /* VolunteerViewController.xib */ = {isa = PBXFileReference; lastKnownFileType = file.xib; path = VolunteerViewController.xib; sourceTree = "<group>"; };
		976AD0AC2A0232A00026E6F8 /* TimeCheckHelper.swift */ = {isa = PBXFileReference; lastKnownFileType = sourcecode.swift; path = TimeCheckHelper.swift; sourceTree = "<group>"; };
		976AD0AE2A0496390026E6F8 /* ManagerViewModel.swift */ = {isa = PBXFileReference; lastKnownFileType = sourcecode.swift; path = ManagerViewModel.swift; sourceTree = "<group>"; };
		976AD0B12A04A5D70026E6F8 /* UIColor.swift */ = {isa = PBXFileReference; lastKnownFileType = sourcecode.swift; path = UIColor.swift; sourceTree = "<group>"; };
		976AD0B32A04A7A70026E6F8 /* UIView.swift */ = {isa = PBXFileReference; lastKnownFileType = sourcecode.swift; path = UIView.swift; sourceTree = "<group>"; };
		977558D929E4F7DE00079908 /* FirebaseAuthService.swift */ = {isa = PBXFileReference; lastKnownFileType = sourcecode.swift; path = FirebaseAuthService.swift; sourceTree = "<group>"; };
		AC814D6E22C0BAFD86D4F7DA /* Pods-VolunteerSigniinerTests.release.xcconfig */ = {isa = PBXFileReference; includeInIndex = 1; lastKnownFileType = text.xcconfig; name = "Pods-VolunteerSigniinerTests.release.xcconfig"; path = "Target Support Files/Pods-VolunteerSigniinerTests/Pods-VolunteerSigniinerTests.release.xcconfig"; sourceTree = "<group>"; };
		E3EB77497218A2109F78249C /* Pods-VolunteerSigniiner.debug.xcconfig */ = {isa = PBXFileReference; includeInIndex = 1; lastKnownFileType = text.xcconfig; name = "Pods-VolunteerSigniiner.debug.xcconfig"; path = "Target Support Files/Pods-VolunteerSigniiner/Pods-VolunteerSigniiner.debug.xcconfig"; sourceTree = "<group>"; };
/* End PBXFileReference section */

/* Begin PBXFrameworksBuildPhase section */
		9755365429D92EB900564024 /* Frameworks */ = {
			isa = PBXFrameworksBuildPhase;
			buildActionMask = 2147483647;
			files = (
				832E3F0A0BD437023BFE6BB8 /* Pods_VolunteerSigniiner.framework in Frameworks */,
			);
			runOnlyForDeploymentPostprocessing = 0;
		};
		9755366A29D92EBA00564024 /* Frameworks */ = {
			isa = PBXFrameworksBuildPhase;
			buildActionMask = 2147483647;
			files = (
				E86E9C26D5DC0EB7F144B243 /* Pods_VolunteerSigniinerTests.framework in Frameworks */,
			);
			runOnlyForDeploymentPostprocessing = 0;
		};
		9755367429D92EBA00564024 /* Frameworks */ = {
			isa = PBXFrameworksBuildPhase;
			buildActionMask = 2147483647;
			files = (
				CA1E360F97DF926F6F040228 /* Pods_VolunteerSigniiner_VolunteerSigniinerUITests.framework in Frameworks */,
			);
			runOnlyForDeploymentPostprocessing = 0;
		};
/* End PBXFrameworksBuildPhase section */

/* Begin PBXGroup section */
		48518F345E6F455CA546A764 /* Pods */ = {
			isa = PBXGroup;
			children = (
				E3EB77497218A2109F78249C /* Pods-VolunteerSigniiner.debug.xcconfig */,
				032C906647896A813B111F81 /* Pods-VolunteerSigniiner.release.xcconfig */,
				3C8CF371CF79869FF4BE8DAE /* Pods-VolunteerSigniiner-VolunteerSigniinerUITests.debug.xcconfig */,
				262E802EE71B44D54D07A4DD /* Pods-VolunteerSigniiner-VolunteerSigniinerUITests.release.xcconfig */,
				04A7C780E54EEC3D082D2919 /* Pods-VolunteerSigniinerTests.debug.xcconfig */,
				AC814D6E22C0BAFD86D4F7DA /* Pods-VolunteerSigniinerTests.release.xcconfig */,
			);
			path = Pods;
			sourceTree = "<group>";
		};
		970DF08429D934B7007A8CDA /* SignInCellType */ = {
			isa = PBXGroup;
			children = (
				970DF08D29D9354F007A8CDA /* TitleTableViewCell.swift */,
				970DF08529D93512007A8CDA /* TextFieldTableViewCell.swift */,
				970DF08929D93529007A8CDA /* ButtonTableViewCell.swift */,
			);
			path = SignInCellType;
			sourceTree = "<group>";
		};
		9755364E29D92EB900564024 = {
			isa = PBXGroup;
			children = (
				9755365929D92EB900564024 /* VolunteerSigniiner */,
				9755367029D92EBA00564024 /* VolunteerSigniinerTests */,
				9755367A29D92EBA00564024 /* VolunteerSigniinerUITests */,
				9755365829D92EB900564024 /* Products */,
				48518F345E6F455CA546A764 /* Pods */,
				F84EA7AAEF7C40A69A4BB281 /* Frameworks */,
			);
			sourceTree = "<group>";
		};
		9755365829D92EB900564024 /* Products */ = {
			isa = PBXGroup;
			children = (
				9755365729D92EB900564024 /* VolunteerSigniiner.app */,
				9755366D29D92EBA00564024 /* VolunteerSigniinerTests.xctest */,
				9755367729D92EBA00564024 /* VolunteerSigniinerUITests.xctest */,
			);
			name = Products;
			sourceTree = "<group>";
		};
		9755365929D92EB900564024 /* VolunteerSigniiner */ = {
			isa = PBXGroup;
			children = (
				976AD09729FE05CB0026E6F8 /* VolunteerSigniiner.entitlements */,
				9755365A29D92EB900564024 /* AppDelegate.swift */,
				9755365C29D92EB900564024 /* SceneDelegate.swift */,
				976AD0B02A04A59C0026E6F8 /* Extension */,
				976AD08E29FA02130026E6F8 /* Model */,
				977558D829E4F7B700079908 /* Network */,
				9755368D29D92F0300564024 /* ViewModel */,
				9755368C29D92EE600564024 /* View */,
				9755368A29D92EC500564024 /* ViewController */,
				9755366329D92EBA00564024 /* Assets.xcassets */,
				9755366529D92EBA00564024 /* LaunchScreen.storyboard */,
				9755366829D92EBA00564024 /* Info.plist */,
				976ACDDA29ED1B5200FF056B /* client_859971690847-a958a81nhu95ssf3c85o04j0p2cdkj0k.apps.googleusercontent.com.plist */,
				976ACDDC29ED1FC100FF056B /* GoogleService-Info.plist */,
			);
			path = VolunteerSigniiner;
			sourceTree = "<group>";
		};
		9755367029D92EBA00564024 /* VolunteerSigniinerTests */ = {
			isa = PBXGroup;
			children = (
				9755367129D92EBA00564024 /* VolunteerSigniinerTests.swift */,
			);
			path = VolunteerSigniinerTests;
			sourceTree = "<group>";
		};
		9755367A29D92EBA00564024 /* VolunteerSigniinerUITests */ = {
			isa = PBXGroup;
			children = (
				9755367B29D92EBA00564024 /* VolunteerSigniinerUITests.swift */,
				9755367D29D92EBA00564024 /* VolunteerSigniinerUITestsLaunchTests.swift */,
			);
			path = VolunteerSigniinerUITests;
			sourceTree = "<group>";
		};
		9755368A29D92EC500564024 /* ViewController */ = {
			isa = PBXGroup;
			children = (
				9755365E29D92EB900564024 /* ViewController.swift */,
				97668E412A05EDBC00ABECE8 /* AttendActiveViewController.swift */,
				97668E422A05EDBC00ABECE8 /* AttendActiveViewController.xib */,
				97668E452A05EE0600ABECE8 /* OutputFileViewController.swift */,
				97668E462A05EE0600ABECE8 /* OutputFileViewController.xib */,
				9755369029D930E800564024 /* SignInViewController.swift */,
				9755369129D930E800564024 /* SignInViewController.xib */,
				976AD08829F7740F0026E6F8 /* LoginViewController.swift */,
				976AD08929F7740F0026E6F8 /* LoginViewController.xib */,
				976AD0A82A020BFA0026E6F8 /* VolunteerViewController.swift */,
				976AD0A92A020BFA0026E6F8 /* VolunteerViewController.xib */,
				976AD09E29FFA6E00026E6F8 /* ManagerViewController.swift */,
				976AD09F29FFA6E00026E6F8 /* ManagerViewController.xib */,
				976AD09129FB4E840026E6F8 /* QRCodeViewController.swift */,
				976AD09229FB4E840026E6F8 /* QRCodeViewController.xib */,
				976AD09829FF8BAC0026E6F8 /* ScanViewController.swift */,
				976AD09929FF8BAC0026E6F8 /* ScanViewController.xib */,
				97668E492A05FD0A00ABECE8 /* ServiceQRCodeViewController.swift */,
				97668E4A2A05FD0A00ABECE8 /* ServiceQRCodeViewController.xib */,
				970DF08429D934B7007A8CDA /* SignInCellType */,
			);
			path = ViewController;
			sourceTree = "<group>";
		};
		9755368C29D92EE600564024 /* View */ = {
			isa = PBXGroup;
			children = (
			);
			path = View;
			sourceTree = "<group>";
		};
		9755368D29D92F0300564024 /* ViewModel */ = {
			isa = PBXGroup;
			children = (
				9755368E29D92F3900564024 /* SignUpViewModel.swift */,
				976AD08C29F77E510026E6F8 /* LoginViewModel.swift */,
				976AD0A22A00E0840026E6F8 /* AccountCheckHelper.swift */,
				976AD0AC2A0232A00026E6F8 /* TimeCheckHelper.swift */,
				976AD0AE2A0496390026E6F8 /* ManagerViewModel.swift */,
			);
			path = ViewModel;
			sourceTree = "<group>";
		};
		976AD08E29FA02130026E6F8 /* Model */ = {
			isa = PBXGroup;
			children = (
				976AD08F29FA02270026E6F8 /* Model.swift */,
			);
			path = Model;
			sourceTree = "<group>";
		};
		976AD0B02A04A59C0026E6F8 /* Extension */ = {
			isa = PBXGroup;
			children = (
				976AD0B12A04A5D70026E6F8 /* UIColor.swift */,
				976AD0B32A04A7A70026E6F8 /* UIView.swift */,
			);
			path = Extension;
			sourceTree = "<group>";
		};
		977558D829E4F7B700079908 /* Network */ = {
			isa = PBXGroup;
			children = (
				977558D929E4F7DE00079908 /* FirebaseAuthService.swift */,
				976AD0A42A00F5DE0026E6F8 /* FirestoreDatabase.swift */,
				976AD09529FB61400026E6F8 /* QRCodeService.swift */,
				976AD09C29FFA26F0026E6F8 /* ServicesManager.swift */,
				976AD0A62A0104D50026E6F8 /* LoginManager.swift */,
			);
			path = Network;
			sourceTree = "<group>";
		};
		F84EA7AAEF7C40A69A4BB281 /* Frameworks */ = {
			isa = PBXGroup;
			children = (
				1733E2CCF5D1532A76FC04C8 /* Pods_VolunteerSigniiner.framework */,
				1B76B1C476E1D9CE36D7A17D /* Pods_VolunteerSigniiner_VolunteerSigniinerUITests.framework */,
				8DD962002A2D4E2B74C923AD /* Pods_VolunteerSigniinerTests.framework */,
			);
			name = Frameworks;
			sourceTree = "<group>";
		};
/* End PBXGroup section */

/* Begin PBXNativeTarget section */
		9755365629D92EB900564024 /* VolunteerSigniiner */ = {
			isa = PBXNativeTarget;
			buildConfigurationList = 9755368129D92EBA00564024 /* Build configuration list for PBXNativeTarget "VolunteerSigniiner" */;
			buildPhases = (
				4E85AAD9AC5654F873471901 /* [CP] Check Pods Manifest.lock */,
				9755365329D92EB900564024 /* Sources */,
				9755365429D92EB900564024 /* Frameworks */,
				9755365529D92EB900564024 /* Resources */,
				51BBF9778AFB77D858BD44A6 /* [CP] Embed Pods Frameworks */,
			);
			buildRules = (
			);
			dependencies = (
			);
			name = VolunteerSigniiner;
			packageProductDependencies = (
			);
			productName = VolunteerSigniiner;
			productReference = 9755365729D92EB900564024 /* VolunteerSigniiner.app */;
			productType = "com.apple.product-type.application";
		};
		9755366C29D92EBA00564024 /* VolunteerSigniinerTests */ = {
			isa = PBXNativeTarget;
			buildConfigurationList = 9755368429D92EBA00564024 /* Build configuration list for PBXNativeTarget "VolunteerSigniinerTests" */;
			buildPhases = (
				F1B0DDD4363359856B3606F7 /* [CP] Check Pods Manifest.lock */,
				9755366929D92EBA00564024 /* Sources */,
				9755366A29D92EBA00564024 /* Frameworks */,
				9755366B29D92EBA00564024 /* Resources */,
			);
			buildRules = (
			);
			dependencies = (
				9755366F29D92EBA00564024 /* PBXTargetDependency */,
			);
			name = VolunteerSigniinerTests;
			productName = VolunteerSigniinerTests;
			productReference = 9755366D29D92EBA00564024 /* VolunteerSigniinerTests.xctest */;
			productType = "com.apple.product-type.bundle.unit-test";
		};
		9755367629D92EBA00564024 /* VolunteerSigniinerUITests */ = {
			isa = PBXNativeTarget;
			buildConfigurationList = 9755368729D92EBA00564024 /* Build configuration list for PBXNativeTarget "VolunteerSigniinerUITests" */;
			buildPhases = (
				BC57C9A479EBE3D14BEC3295 /* [CP] Check Pods Manifest.lock */,
				9755367329D92EBA00564024 /* Sources */,
				9755367429D92EBA00564024 /* Frameworks */,
				9755367529D92EBA00564024 /* Resources */,
				F25C71362F168B8FFF7EADF7 /* [CP] Embed Pods Frameworks */,
			);
			buildRules = (
			);
			dependencies = (
				9755367929D92EBA00564024 /* PBXTargetDependency */,
			);
			name = VolunteerSigniinerUITests;
			productName = VolunteerSigniinerUITests;
			productReference = 9755367729D92EBA00564024 /* VolunteerSigniinerUITests.xctest */;
			productType = "com.apple.product-type.bundle.ui-testing";
		};
/* End PBXNativeTarget section */

/* Begin PBXProject section */
		9755364F29D92EB900564024 /* Project object */ = {
			isa = PBXProject;
			attributes = {
				BuildIndependentTargetsInParallel = 1;
				LastSwiftUpdateCheck = 1420;
				LastUpgradeCheck = 1420;
				TargetAttributes = {
					9755365629D92EB900564024 = {
						CreatedOnToolsVersion = 14.2;
					};
					9755366C29D92EBA00564024 = {
						CreatedOnToolsVersion = 14.2;
						TestTargetID = 9755365629D92EB900564024;
					};
					9755367629D92EBA00564024 = {
						CreatedOnToolsVersion = 14.2;
						TestTargetID = 9755365629D92EB900564024;
					};
				};
			};
			buildConfigurationList = 9755365229D92EB900564024 /* Build configuration list for PBXProject "VolunteerSigniiner" */;
			compatibilityVersion = "Xcode 14.0";
			developmentRegion = en;
			hasScannedForEncodings = 0;
			knownRegions = (
				en,
				Base,
			);
			mainGroup = 9755364E29D92EB900564024;
			packageReferences = (
			);
			productRefGroup = 9755365829D92EB900564024 /* Products */;
			projectDirPath = "";
			projectRoot = "";
			targets = (
				9755365629D92EB900564024 /* VolunteerSigniiner */,
				9755366C29D92EBA00564024 /* VolunteerSigniinerTests */,
				9755367629D92EBA00564024 /* VolunteerSigniinerUITests */,
			);
		};
/* End PBXProject section */

/* Begin PBXResourcesBuildPhase section */
		9755365529D92EB900564024 /* Resources */ = {
			isa = PBXResourcesBuildPhase;
			buildActionMask = 2147483647;
			files = (
				97668E482A05EE0600ABECE8 /* OutputFileViewController.xib in Resources */,
				97668E4C2A05FD0A00ABECE8 /* ServiceQRCodeViewController.xib in Resources */,
				976AD0A129FFA6E00026E6F8 /* ManagerViewController.xib in Resources */,
				976AD0AB2A020BFA0026E6F8 /* VolunteerViewController.xib in Resources */,
				9755366729D92EBA00564024 /* LaunchScreen.storyboard in Resources */,
				976ACDDB29ED1B5200FF056B /* client_859971690847-a958a81nhu95ssf3c85o04j0p2cdkj0k.apps.googleusercontent.com.plist in Resources */,
				97668E442A05EDBC00ABECE8 /* AttendActiveViewController.xib in Resources */,
				976AD08B29F7740F0026E6F8 /* LoginViewController.xib in Resources */,
				976AD09B29FF8BAC0026E6F8 /* ScanViewController.xib in Resources */,
				9755369329D930E800564024 /* SignInViewController.xib in Resources */,
				9755366429D92EBA00564024 /* Assets.xcassets in Resources */,
				976AD09429FB4E840026E6F8 /* QRCodeViewController.xib in Resources */,
				976ACDDD29ED1FC100FF056B /* GoogleService-Info.plist in Resources */,
			);
			runOnlyForDeploymentPostprocessing = 0;
		};
		9755366B29D92EBA00564024 /* Resources */ = {
			isa = PBXResourcesBuildPhase;
			buildActionMask = 2147483647;
			files = (
			);
			runOnlyForDeploymentPostprocessing = 0;
		};
		9755367529D92EBA00564024 /* Resources */ = {
			isa = PBXResourcesBuildPhase;
			buildActionMask = 2147483647;
			files = (
			);
			runOnlyForDeploymentPostprocessing = 0;
		};
/* End PBXResourcesBuildPhase section */

/* Begin PBXShellScriptBuildPhase section */
		4E85AAD9AC5654F873471901 /* [CP] Check Pods Manifest.lock */ = {
			isa = PBXShellScriptBuildPhase;
			buildActionMask = 2147483647;
			files = (
			);
			inputFileListPaths = (
			);
			inputPaths = (
				"${PODS_PODFILE_DIR_PATH}/Podfile.lock",
				"${PODS_ROOT}/Manifest.lock",
			);
			name = "[CP] Check Pods Manifest.lock";
			outputFileListPaths = (
			);
			outputPaths = (
				"$(DERIVED_FILE_DIR)/Pods-VolunteerSigniiner-checkManifestLockResult.txt",
			);
			runOnlyForDeploymentPostprocessing = 0;
			shellPath = /bin/sh;
			shellScript = "diff \"${PODS_PODFILE_DIR_PATH}/Podfile.lock\" \"${PODS_ROOT}/Manifest.lock\" > /dev/null\nif [ $? != 0 ] ; then\n    # print error to STDERR\n    echo \"error: The sandbox is not in sync with the Podfile.lock. Run 'pod install' or update your CocoaPods installation.\" >&2\n    exit 1\nfi\n# This output is used by Xcode 'outputs' to avoid re-running this script phase.\necho \"SUCCESS\" > \"${SCRIPT_OUTPUT_FILE_0}\"\n";
			showEnvVarsInLog = 0;
		};
		51BBF9778AFB77D858BD44A6 /* [CP] Embed Pods Frameworks */ = {
			isa = PBXShellScriptBuildPhase;
			buildActionMask = 2147483647;
			files = (
			);
			inputFileListPaths = (
				"${PODS_ROOT}/Target Support Files/Pods-VolunteerSigniiner/Pods-VolunteerSigniiner-frameworks-${CONFIGURATION}-input-files.xcfilelist",
			);
			name = "[CP] Embed Pods Frameworks";
			outputFileListPaths = (
				"${PODS_ROOT}/Target Support Files/Pods-VolunteerSigniiner/Pods-VolunteerSigniiner-frameworks-${CONFIGURATION}-output-files.xcfilelist",
			);
			runOnlyForDeploymentPostprocessing = 0;
			shellPath = /bin/sh;
			shellScript = "\"${PODS_ROOT}/Target Support Files/Pods-VolunteerSigniiner/Pods-VolunteerSigniiner-frameworks.sh\"\n";
			showEnvVarsInLog = 0;
		};
		BC57C9A479EBE3D14BEC3295 /* [CP] Check Pods Manifest.lock */ = {
			isa = PBXShellScriptBuildPhase;
			buildActionMask = 2147483647;
			files = (
			);
			inputFileListPaths = (
			);
			inputPaths = (
				"${PODS_PODFILE_DIR_PATH}/Podfile.lock",
				"${PODS_ROOT}/Manifest.lock",
			);
			name = "[CP] Check Pods Manifest.lock";
			outputFileListPaths = (
			);
			outputPaths = (
				"$(DERIVED_FILE_DIR)/Pods-VolunteerSigniiner-VolunteerSigniinerUITests-checkManifestLockResult.txt",
			);
			runOnlyForDeploymentPostprocessing = 0;
			shellPath = /bin/sh;
			shellScript = "diff \"${PODS_PODFILE_DIR_PATH}/Podfile.lock\" \"${PODS_ROOT}/Manifest.lock\" > /dev/null\nif [ $? != 0 ] ; then\n    # print error to STDERR\n    echo \"error: The sandbox is not in sync with the Podfile.lock. Run 'pod install' or update your CocoaPods installation.\" >&2\n    exit 1\nfi\n# This output is used by Xcode 'outputs' to avoid re-running this script phase.\necho \"SUCCESS\" > \"${SCRIPT_OUTPUT_FILE_0}\"\n";
			showEnvVarsInLog = 0;
		};
		F1B0DDD4363359856B3606F7 /* [CP] Check Pods Manifest.lock */ = {
			isa = PBXShellScriptBuildPhase;
			buildActionMask = 2147483647;
			files = (
			);
			inputFileListPaths = (
			);
			inputPaths = (
				"${PODS_PODFILE_DIR_PATH}/Podfile.lock",
				"${PODS_ROOT}/Manifest.lock",
			);
			name = "[CP] Check Pods Manifest.lock";
			outputFileListPaths = (
			);
			outputPaths = (
				"$(DERIVED_FILE_DIR)/Pods-VolunteerSigniinerTests-checkManifestLockResult.txt",
			);
			runOnlyForDeploymentPostprocessing = 0;
			shellPath = /bin/sh;
			shellScript = "diff \"${PODS_PODFILE_DIR_PATH}/Podfile.lock\" \"${PODS_ROOT}/Manifest.lock\" > /dev/null\nif [ $? != 0 ] ; then\n    # print error to STDERR\n    echo \"error: The sandbox is not in sync with the Podfile.lock. Run 'pod install' or update your CocoaPods installation.\" >&2\n    exit 1\nfi\n# This output is used by Xcode 'outputs' to avoid re-running this script phase.\necho \"SUCCESS\" > \"${SCRIPT_OUTPUT_FILE_0}\"\n";
			showEnvVarsInLog = 0;
		};
		F25C71362F168B8FFF7EADF7 /* [CP] Embed Pods Frameworks */ = {
			isa = PBXShellScriptBuildPhase;
			buildActionMask = 2147483647;
			files = (
			);
			inputFileListPaths = (
				"${PODS_ROOT}/Target Support Files/Pods-VolunteerSigniiner-VolunteerSigniinerUITests/Pods-VolunteerSigniiner-VolunteerSigniinerUITests-frameworks-${CONFIGURATION}-input-files.xcfilelist",
			);
			name = "[CP] Embed Pods Frameworks";
			outputFileListPaths = (
				"${PODS_ROOT}/Target Support Files/Pods-VolunteerSigniiner-VolunteerSigniinerUITests/Pods-VolunteerSigniiner-VolunteerSigniinerUITests-frameworks-${CONFIGURATION}-output-files.xcfilelist",
			);
			runOnlyForDeploymentPostprocessing = 0;
			shellPath = /bin/sh;
			shellScript = "\"${PODS_ROOT}/Target Support Files/Pods-VolunteerSigniiner-VolunteerSigniinerUITests/Pods-VolunteerSigniiner-VolunteerSigniinerUITests-frameworks.sh\"\n";
			showEnvVarsInLog = 0;
		};
/* End PBXShellScriptBuildPhase section */

/* Begin PBXSourcesBuildPhase section */
		9755365329D92EB900564024 /* Sources */ = {
			isa = PBXSourcesBuildPhase;
			buildActionMask = 2147483647;
			files = (
				977558DA29E4F7DE00079908 /* FirebaseAuthService.swift in Sources */,
				976AD0AF2A0496390026E6F8 /* ManagerViewModel.swift in Sources */,
				970DF08F29D9354F007A8CDA /* TitleTableViewCell.swift in Sources */,
				97668E472A05EE0600ABECE8 /* OutputFileViewController.swift in Sources */,
				976AD0A72A0104D50026E6F8 /* LoginManager.swift in Sources */,
				976AD0AD2A0232A00026E6F8 /* TimeCheckHelper.swift in Sources */,
				97668E4B2A05FD0A00ABECE8 /* ServiceQRCodeViewController.swift in Sources */,
				9755368F29D92F3900564024 /* SignUpViewModel.swift in Sources */,
				9755365F29D92EB900564024 /* ViewController.swift in Sources */,
				976AD09D29FFA26F0026E6F8 /* ServicesManager.swift in Sources */,
				97668E432A05EDBC00ABECE8 /* AttendActiveViewController.swift in Sources */,
				9755365B29D92EB900564024 /* AppDelegate.swift in Sources */,
				976AD0A32A00E0840026E6F8 /* AccountCheckHelper.swift in Sources */,
				976AD09329FB4E840026E6F8 /* QRCodeViewController.swift in Sources */,
				970DF08729D93512007A8CDA /* TextFieldTableViewCell.swift in Sources */,
				976AD09A29FF8BAC0026E6F8 /* ScanViewController.swift in Sources */,
				976AD0AA2A020BFA0026E6F8 /* VolunteerViewController.swift in Sources */,
				976AD0B22A04A5D70026E6F8 /* UIColor.swift in Sources */,
				976AD0A52A00F5DF0026E6F8 /* FirestoreDatabase.swift in Sources */,
				976AD09029FA02270026E6F8 /* Model.swift in Sources */,
				976AD09629FB61400026E6F8 /* QRCodeService.swift in Sources */,
				9755369229D930E800564024 /* SignInViewController.swift in Sources */,
				976AD0A029FFA6E00026E6F8 /* ManagerViewController.swift in Sources */,
				976AD0B42A04A7A70026E6F8 /* UIView.swift in Sources */,
				970DF08B29D93529007A8CDA /* ButtonTableViewCell.swift in Sources */,
				976AD08D29F77E510026E6F8 /* LoginViewModel.swift in Sources */,
				9755365D29D92EB900564024 /* SceneDelegate.swift in Sources */,
				976AD08A29F7740F0026E6F8 /* LoginViewController.swift in Sources */,
			);
			runOnlyForDeploymentPostprocessing = 0;
		};
		9755366929D92EBA00564024 /* Sources */ = {
			isa = PBXSourcesBuildPhase;
			buildActionMask = 2147483647;
			files = (
				9755367229D92EBA00564024 /* VolunteerSigniinerTests.swift in Sources */,
			);
			runOnlyForDeploymentPostprocessing = 0;
		};
		9755367329D92EBA00564024 /* Sources */ = {
			isa = PBXSourcesBuildPhase;
			buildActionMask = 2147483647;
			files = (
				9755367E29D92EBA00564024 /* VolunteerSigniinerUITestsLaunchTests.swift in Sources */,
				9755367C29D92EBA00564024 /* VolunteerSigniinerUITests.swift in Sources */,
			);
			runOnlyForDeploymentPostprocessing = 0;
		};
/* End PBXSourcesBuildPhase section */

/* Begin PBXTargetDependency section */
		9755366F29D92EBA00564024 /* PBXTargetDependency */ = {
			isa = PBXTargetDependency;
			target = 9755365629D92EB900564024 /* VolunteerSigniiner */;
			targetProxy = 9755366E29D92EBA00564024 /* PBXContainerItemProxy */;
		};
		9755367929D92EBA00564024 /* PBXTargetDependency */ = {
			isa = PBXTargetDependency;
			target = 9755365629D92EB900564024 /* VolunteerSigniiner */;
			targetProxy = 9755367829D92EBA00564024 /* PBXContainerItemProxy */;
		};
/* End PBXTargetDependency section */

/* Begin PBXVariantGroup section */
		9755366529D92EBA00564024 /* LaunchScreen.storyboard */ = {
			isa = PBXVariantGroup;
			children = (
				9755366629D92EBA00564024 /* Base */,
			);
			name = LaunchScreen.storyboard;
			sourceTree = "<group>";
		};
/* End PBXVariantGroup section */

/* Begin XCBuildConfiguration section */
		9755367F29D92EBA00564024 /* Debug */ = {
			isa = XCBuildConfiguration;
			buildSettings = {
				ALWAYS_SEARCH_USER_PATHS = NO;
				CLANG_ANALYZER_NONNULL = YES;
				CLANG_ANALYZER_NUMBER_OBJECT_CONVERSION = YES_AGGRESSIVE;
				CLANG_CXX_LANGUAGE_STANDARD = "gnu++20";
				CLANG_ENABLE_MODULES = YES;
				CLANG_ENABLE_OBJC_ARC = YES;
				CLANG_ENABLE_OBJC_WEAK = YES;
				CLANG_WARN_BLOCK_CAPTURE_AUTORELEASING = YES;
				CLANG_WARN_BOOL_CONVERSION = YES;
				CLANG_WARN_COMMA = YES;
				CLANG_WARN_CONSTANT_CONVERSION = YES;
				CLANG_WARN_DEPRECATED_OBJC_IMPLEMENTATIONS = YES;
				CLANG_WARN_DIRECT_OBJC_ISA_USAGE = YES_ERROR;
				CLANG_WARN_DOCUMENTATION_COMMENTS = YES;
				CLANG_WARN_EMPTY_BODY = YES;
				CLANG_WARN_ENUM_CONVERSION = YES;
				CLANG_WARN_INFINITE_RECURSION = YES;
				CLANG_WARN_INT_CONVERSION = YES;
				CLANG_WARN_NON_LITERAL_NULL_CONVERSION = YES;
				CLANG_WARN_OBJC_IMPLICIT_RETAIN_SELF = YES;
				CLANG_WARN_OBJC_LITERAL_CONVERSION = YES;
				CLANG_WARN_OBJC_ROOT_CLASS = YES_ERROR;
				CLANG_WARN_QUOTED_INCLUDE_IN_FRAMEWORK_HEADER = YES;
				CLANG_WARN_RANGE_LOOP_ANALYSIS = YES;
				CLANG_WARN_STRICT_PROTOTYPES = YES;
				CLANG_WARN_SUSPICIOUS_MOVE = YES;
				CLANG_WARN_UNGUARDED_AVAILABILITY = YES_AGGRESSIVE;
				CLANG_WARN_UNREACHABLE_CODE = YES;
				CLANG_WARN__DUPLICATE_METHOD_MATCH = YES;
				COPY_PHASE_STRIP = NO;
				DEBUG_INFORMATION_FORMAT = dwarf;
				ENABLE_STRICT_OBJC_MSGSEND = YES;
				ENABLE_TESTABILITY = YES;
				GCC_C_LANGUAGE_STANDARD = gnu11;
				GCC_DYNAMIC_NO_PIC = NO;
				GCC_NO_COMMON_BLOCKS = YES;
				GCC_OPTIMIZATION_LEVEL = 0;
				GCC_PREPROCESSOR_DEFINITIONS = (
					"DEBUG=1",
					"$(inherited)",
				);
				GCC_WARN_64_TO_32_BIT_CONVERSION = YES;
				GCC_WARN_ABOUT_RETURN_TYPE = YES_ERROR;
				GCC_WARN_UNDECLARED_SELECTOR = YES;
				GCC_WARN_UNINITIALIZED_AUTOS = YES_AGGRESSIVE;
				GCC_WARN_UNUSED_FUNCTION = YES;
				GCC_WARN_UNUSED_VARIABLE = YES;
				IPHONEOS_DEPLOYMENT_TARGET = 16.2;
				MTL_ENABLE_DEBUG_INFO = INCLUDE_SOURCE;
				MTL_FAST_MATH = YES;
				ONLY_ACTIVE_ARCH = YES;
				SDKROOT = iphoneos;
				SWIFT_ACTIVE_COMPILATION_CONDITIONS = DEBUG;
				SWIFT_OPTIMIZATION_LEVEL = "-Onone";
			};
			name = Debug;
		};
		9755368029D92EBA00564024 /* Release */ = {
			isa = XCBuildConfiguration;
			buildSettings = {
				ALWAYS_SEARCH_USER_PATHS = NO;
				CLANG_ANALYZER_NONNULL = YES;
				CLANG_ANALYZER_NUMBER_OBJECT_CONVERSION = YES_AGGRESSIVE;
				CLANG_CXX_LANGUAGE_STANDARD = "gnu++20";
				CLANG_ENABLE_MODULES = YES;
				CLANG_ENABLE_OBJC_ARC = YES;
				CLANG_ENABLE_OBJC_WEAK = YES;
				CLANG_WARN_BLOCK_CAPTURE_AUTORELEASING = YES;
				CLANG_WARN_BOOL_CONVERSION = YES;
				CLANG_WARN_COMMA = YES;
				CLANG_WARN_CONSTANT_CONVERSION = YES;
				CLANG_WARN_DEPRECATED_OBJC_IMPLEMENTATIONS = YES;
				CLANG_WARN_DIRECT_OBJC_ISA_USAGE = YES_ERROR;
				CLANG_WARN_DOCUMENTATION_COMMENTS = YES;
				CLANG_WARN_EMPTY_BODY = YES;
				CLANG_WARN_ENUM_CONVERSION = YES;
				CLANG_WARN_INFINITE_RECURSION = YES;
				CLANG_WARN_INT_CONVERSION = YES;
				CLANG_WARN_NON_LITERAL_NULL_CONVERSION = YES;
				CLANG_WARN_OBJC_IMPLICIT_RETAIN_SELF = YES;
				CLANG_WARN_OBJC_LITERAL_CONVERSION = YES;
				CLANG_WARN_OBJC_ROOT_CLASS = YES_ERROR;
				CLANG_WARN_QUOTED_INCLUDE_IN_FRAMEWORK_HEADER = YES;
				CLANG_WARN_RANGE_LOOP_ANALYSIS = YES;
				CLANG_WARN_STRICT_PROTOTYPES = YES;
				CLANG_WARN_SUSPICIOUS_MOVE = YES;
				CLANG_WARN_UNGUARDED_AVAILABILITY = YES_AGGRESSIVE;
				CLANG_WARN_UNREACHABLE_CODE = YES;
				CLANG_WARN__DUPLICATE_METHOD_MATCH = YES;
				COPY_PHASE_STRIP = NO;
				DEBUG_INFORMATION_FORMAT = "dwarf-with-dsym";
				ENABLE_NS_ASSERTIONS = NO;
				ENABLE_STRICT_OBJC_MSGSEND = YES;
				GCC_C_LANGUAGE_STANDARD = gnu11;
				GCC_NO_COMMON_BLOCKS = YES;
				GCC_WARN_64_TO_32_BIT_CONVERSION = YES;
				GCC_WARN_ABOUT_RETURN_TYPE = YES_ERROR;
				GCC_WARN_UNDECLARED_SELECTOR = YES;
				GCC_WARN_UNINITIALIZED_AUTOS = YES_AGGRESSIVE;
				GCC_WARN_UNUSED_FUNCTION = YES;
				GCC_WARN_UNUSED_VARIABLE = YES;
				IPHONEOS_DEPLOYMENT_TARGET = 16.2;
				MTL_ENABLE_DEBUG_INFO = NO;
				MTL_FAST_MATH = YES;
				SDKROOT = iphoneos;
				SWIFT_COMPILATION_MODE = wholemodule;
				SWIFT_OPTIMIZATION_LEVEL = "-O";
				VALIDATE_PRODUCT = YES;
			};
			name = Release;
		};
		9755368229D92EBA00564024 /* Debug */ = {
			isa = XCBuildConfiguration;
			baseConfigurationReference = E3EB77497218A2109F78249C /* Pods-VolunteerSigniiner.debug.xcconfig */;
			buildSettings = {
				ASSETCATALOG_COMPILER_APPICON_NAME = AppIcon;
				ASSETCATALOG_COMPILER_GLOBAL_ACCENT_COLOR_NAME = AccentColor;
				CODE_SIGN_ENTITLEMENTS = VolunteerSigniiner/VolunteerSigniiner.entitlements;
				CODE_SIGN_STYLE = Automatic;
				CURRENT_PROJECT_VERSION = 1;
				DEVELOPMENT_TEAM = QRA5DG5SAD;
				GENERATE_INFOPLIST_FILE = YES;
				INFOPLIST_FILE = VolunteerSigniiner/Info.plist;
				INFOPLIST_KEY_UIApplicationSupportsIndirectInputEvents = YES;
				INFOPLIST_KEY_UILaunchStoryboardName = LaunchScreen;
				INFOPLIST_KEY_UISupportedInterfaceOrientations_iPad = "UIInterfaceOrientationPortrait UIInterfaceOrientationPortraitUpsideDown UIInterfaceOrientationLandscapeLeft UIInterfaceOrientationLandscapeRight";
				INFOPLIST_KEY_UISupportedInterfaceOrientations_iPhone = "UIInterfaceOrientationPortrait UIInterfaceOrientationLandscapeLeft UIInterfaceOrientationLandscapeRight";
				LD_RUNPATH_SEARCH_PATHS = (
					"$(inherited)",
					"@executable_path/Frameworks",
				);
				MARKETING_VERSION = 1.0;
				PRODUCT_BUNDLE_IDENTIFIER = com.mj.VolunteerSigniiner;
				PRODUCT_NAME = "$(TARGET_NAME)";
				SWIFT_EMIT_LOC_STRINGS = YES;
				SWIFT_VERSION = 5.0;
				TARGETED_DEVICE_FAMILY = "1,2";
			};
			name = Debug;
		};
		9755368329D92EBA00564024 /* Release */ = {
			isa = XCBuildConfiguration;
			baseConfigurationReference = 032C906647896A813B111F81 /* Pods-VolunteerSigniiner.release.xcconfig */;
			buildSettings = {
				ASSETCATALOG_COMPILER_APPICON_NAME = AppIcon;
				ASSETCATALOG_COMPILER_GLOBAL_ACCENT_COLOR_NAME = AccentColor;
				CODE_SIGN_ENTITLEMENTS = VolunteerSigniiner/VolunteerSigniiner.entitlements;
				CODE_SIGN_STYLE = Automatic;
				CURRENT_PROJECT_VERSION = 1;
				DEVELOPMENT_TEAM = QRA5DG5SAD;
				GENERATE_INFOPLIST_FILE = YES;
				INFOPLIST_FILE = VolunteerSigniiner/Info.plist;
				INFOPLIST_KEY_UIApplicationSupportsIndirectInputEvents = YES;
				INFOPLIST_KEY_UILaunchStoryboardName = LaunchScreen;
				INFOPLIST_KEY_UISupportedInterfaceOrientations_iPad = "UIInterfaceOrientationPortrait UIInterfaceOrientationPortraitUpsideDown UIInterfaceOrientationLandscapeLeft UIInterfaceOrientationLandscapeRight";
				INFOPLIST_KEY_UISupportedInterfaceOrientations_iPhone = "UIInterfaceOrientationPortrait UIInterfaceOrientationLandscapeLeft UIInterfaceOrientationLandscapeRight";
				LD_RUNPATH_SEARCH_PATHS = (
					"$(inherited)",
					"@executable_path/Frameworks",
				);
				MARKETING_VERSION = 1.0;
				PRODUCT_BUNDLE_IDENTIFIER = com.mj.VolunteerSigniiner;
				PRODUCT_NAME = "$(TARGET_NAME)";
				SWIFT_EMIT_LOC_STRINGS = YES;
				SWIFT_VERSION = 5.0;
				TARGETED_DEVICE_FAMILY = "1,2";
			};
			name = Release;
		};
		9755368529D92EBA00564024 /* Debug */ = {
			isa = XCBuildConfiguration;
			baseConfigurationReference = 04A7C780E54EEC3D082D2919 /* Pods-VolunteerSigniinerTests.debug.xcconfig */;
			buildSettings = {
				ALWAYS_EMBED_SWIFT_STANDARD_LIBRARIES = YES;
				BUNDLE_LOADER = "$(TEST_HOST)";
				CODE_SIGN_STYLE = Automatic;
				CURRENT_PROJECT_VERSION = 1;
				DEVELOPMENT_TEAM = QRA5DG5SAD;
				GENERATE_INFOPLIST_FILE = YES;
				IPHONEOS_DEPLOYMENT_TARGET = 16.2;
				MARKETING_VERSION = 1.0;
				PRODUCT_BUNDLE_IDENTIFIER = com.m.VolunteerSigniinerTests;
				PRODUCT_NAME = "$(TARGET_NAME)";
				SWIFT_EMIT_LOC_STRINGS = NO;
				SWIFT_VERSION = 5.0;
				TARGETED_DEVICE_FAMILY = "1,2";
				TEST_HOST = "$(BUILT_PRODUCTS_DIR)/VolunteerSigniiner.app/$(BUNDLE_EXECUTABLE_FOLDER_PATH)/VolunteerSigniiner";
			};
			name = Debug;
		};
		9755368629D92EBA00564024 /* Release */ = {
			isa = XCBuildConfiguration;
			baseConfigurationReference = AC814D6E22C0BAFD86D4F7DA /* Pods-VolunteerSigniinerTests.release.xcconfig */;
			buildSettings = {
				ALWAYS_EMBED_SWIFT_STANDARD_LIBRARIES = YES;
				BUNDLE_LOADER = "$(TEST_HOST)";
				CODE_SIGN_STYLE = Automatic;
				CURRENT_PROJECT_VERSION = 1;
				DEVELOPMENT_TEAM = QRA5DG5SAD;
				GENERATE_INFOPLIST_FILE = YES;
				IPHONEOS_DEPLOYMENT_TARGET = 16.2;
				MARKETING_VERSION = 1.0;
				PRODUCT_BUNDLE_IDENTIFIER = com.m.VolunteerSigniinerTests;
				PRODUCT_NAME = "$(TARGET_NAME)";
				SWIFT_EMIT_LOC_STRINGS = NO;
				SWIFT_VERSION = 5.0;
				TARGETED_DEVICE_FAMILY = "1,2";
				TEST_HOST = "$(BUILT_PRODUCTS_DIR)/VolunteerSigniiner.app/$(BUNDLE_EXECUTABLE_FOLDER_PATH)/VolunteerSigniiner";
			};
			name = Release;
		};
		9755368829D92EBA00564024 /* Debug */ = {
			isa = XCBuildConfiguration;
			baseConfigurationReference = 3C8CF371CF79869FF4BE8DAE /* Pods-VolunteerSigniiner-VolunteerSigniinerUITests.debug.xcconfig */;
			buildSettings = {
				ALWAYS_EMBED_SWIFT_STANDARD_LIBRARIES = YES;
				CODE_SIGN_STYLE = Automatic;
				CURRENT_PROJECT_VERSION = 1;
				DEVELOPMENT_TEAM = QRA5DG5SAD;
				GENERATE_INFOPLIST_FILE = YES;
				MARKETING_VERSION = 1.0;
				PRODUCT_BUNDLE_IDENTIFIER = com.m.VolunteerSigniinerUITests;
				PRODUCT_NAME = "$(TARGET_NAME)";
				SWIFT_EMIT_LOC_STRINGS = NO;
				SWIFT_VERSION = 5.0;
				TARGETED_DEVICE_FAMILY = "1,2";
				TEST_TARGET_NAME = VolunteerSigniiner;
			};
			name = Debug;
		};
		9755368929D92EBA00564024 /* Release */ = {
			isa = XCBuildConfiguration;
			baseConfigurationReference = 262E802EE71B44D54D07A4DD /* Pods-VolunteerSigniiner-VolunteerSigniinerUITests.release.xcconfig */;
			buildSettings = {
				ALWAYS_EMBED_SWIFT_STANDARD_LIBRARIES = YES;
				CODE_SIGN_STYLE = Automatic;
				CURRENT_PROJECT_VERSION = 1;
				DEVELOPMENT_TEAM = QRA5DG5SAD;
				GENERATE_INFOPLIST_FILE = YES;
				MARKETING_VERSION = 1.0;
				PRODUCT_BUNDLE_IDENTIFIER = com.m.VolunteerSigniinerUITests;
				PRODUCT_NAME = "$(TARGET_NAME)";
				SWIFT_EMIT_LOC_STRINGS = NO;
				SWIFT_VERSION = 5.0;
				TARGETED_DEVICE_FAMILY = "1,2";
				TEST_TARGET_NAME = VolunteerSigniiner;
			};
			name = Release;
		};
/* End XCBuildConfiguration section */

/* Begin XCConfigurationList section */
		9755365229D92EB900564024 /* Build configuration list for PBXProject "VolunteerSigniiner" */ = {
			isa = XCConfigurationList;
			buildConfigurations = (
				9755367F29D92EBA00564024 /* Debug */,
				9755368029D92EBA00564024 /* Release */,
			);
			defaultConfigurationIsVisible = 0;
			defaultConfigurationName = Release;
		};
		9755368129D92EBA00564024 /* Build configuration list for PBXNativeTarget "VolunteerSigniiner" */ = {
			isa = XCConfigurationList;
			buildConfigurations = (
				9755368229D92EBA00564024 /* Debug */,
				9755368329D92EBA00564024 /* Release */,
			);
			defaultConfigurationIsVisible = 0;
			defaultConfigurationName = Release;
		};
		9755368429D92EBA00564024 /* Build configuration list for PBXNativeTarget "VolunteerSigniinerTests" */ = {
			isa = XCConfigurationList;
			buildConfigurations = (
				9755368529D92EBA00564024 /* Debug */,
				9755368629D92EBA00564024 /* Release */,
			);
			defaultConfigurationIsVisible = 0;
			defaultConfigurationName = Release;
		};
		9755368729D92EBA00564024 /* Build configuration list for PBXNativeTarget "VolunteerSigniinerUITests" */ = {
			isa = XCConfigurationList;
			buildConfigurations = (
				9755368829D92EBA00564024 /* Debug */,
				9755368929D92EBA00564024 /* Release */,
			);
			defaultConfigurationIsVisible = 0;
			defaultConfigurationName = Release;
		};
/* End XCConfigurationList section */
	};
	rootObject = 9755364F29D92EB900564024 /* Project object */;
}
